
Microsoft Visual Studio Solution File, Format Version 12.00
# Visual Studio Version 17
VisualStudioVersion = 17.6.33829.357
MinimumVisualStudioVersion = 10.0.40219.1
Project("{FAE04EC0-301F-11D3-BF4B-00C04F79EFBC}") = "SpartaDungeon", "SpartaDungeon\SpartaDungeon.csproj", "{A89285A7-FA5F-44DF-9908-54B8BC78AA92}"
EndProject
Global
	GlobalSection(SolutionConfigurationPlatforms) = preSolution
		Debug|Any CPU = Debug|Any CPU
		Release|Any CPU = Release|Any CPU
	EndGlobalSection
	GlobalSection(ProjectConfigurationPlatforms) = postSolution
		{A89285A7-FA5F-44DF-9908-54B8BC78AA92}.Debug|Any CPU.ActiveCfg = Debug|Any CPU
		{A89285A7-FA5F-44DF-9908-54B8BC78AA92}.Debug|Any CPU.Build.0 = Debug|Any CPU
		{A89285A7-FA5F-44DF-9908-54B8BC78AA92}.Release|Any CPU.ActiveCfg = Release|Any CPU
		{A89285A7-FA5F-44DF-9908-54B8BC78AA92}.Release|Any CPU.Build.0 = Release|Any CPU
	EndGlobalSection
	GlobalSection(SolutionProperties) = preSolution
		HideSolutionNode = FALSE
	EndGlobalSection
	GlobalSection(ExtensibilityGlobals) = postSolution
		SolutionGuid = {5E1C1BFA-1FA1-4658-B815-132D755EA827}
	EndGlobalSection
EndGlobal
